
Microsoft Visual Studio Solution File, Format Version 12.00
# Visual Studio Version 16
VisualStudioVersion = 16.0.29926.136
MinimumVisualStudioVersion = 10.0.40219.1
Project("{9A19103F-16F7-4668-BE54-9A1E7A4F7556}") = "Message-Right_Testes", "Message-Right-ou-The-Messenger\Message-Right_Testes.csproj", "{42156D43-7292-4FD1-A023-883B1C88FF84}"
EndProject
Project("{FAE04EC0-301F-11D3-BF4B-00C04F79EFBC}") = "Message-Right", "Message-Right\Message-Right.csproj", "{1485269A-BC0D-4A40-9CDF-434080987C3C}"
EndProject
Global
	GlobalSection(SolutionConfigurationPlatforms) = preSolution
		Debug|Any CPU = Debug|Any CPU
		Release|Any CPU = Release|Any CPU
	EndGlobalSection
	GlobalSection(ProjectConfigurationPlatforms) = postSolution
		{42156D43-7292-4FD1-A023-883B1C88FF84}.Debug|Any CPU.ActiveCfg = Debug|Any CPU
		{42156D43-7292-4FD1-A023-883B1C88FF84}.Debug|Any CPU.Build.0 = Debug|Any CPU
		{42156D43-7292-4FD1-A023-883B1C88FF84}.Release|Any CPU.ActiveCfg = Release|Any CPU
		{42156D43-7292-4FD1-A023-883B1C88FF84}.Release|Any CPU.Build.0 = Release|Any CPU
		{1485269A-BC0D-4A40-9CDF-434080987C3C}.Debug|Any CPU.ActiveCfg = Debug|Any CPU
		{1485269A-BC0D-4A40-9CDF-434080987C3C}.Debug|Any CPU.Build.0 = Debug|Any CPU
		{1485269A-BC0D-4A40-9CDF-434080987C3C}.Release|Any CPU.ActiveCfg = Release|Any CPU
		{1485269A-BC0D-4A40-9CDF-434080987C3C}.Release|Any CPU.Build.0 = Release|Any CPU
	EndGlobalSection
	GlobalSection(SolutionProperties) = preSolution
		HideSolutionNode = FALSE
	EndGlobalSection
	GlobalSection(ExtensibilityGlobals) = postSolution
		SolutionGuid = {12D64B4B-6BC8-4963-98C3-83695674BD3E}
	EndGlobalSection
EndGlobal
